// !$*UTF8*$!
{
	archiveVersion = 1;
	classes = {
	};
	objectVersion = 46;
	objects = {

/* Begin PBXBuildFile section */
		1867F83F1C761B50000B7793 /* CoreLocation.framework in Frameworks */ = {isa = PBXBuildFile; fileRef = 1867F83E1C761B50000B7793 /* CoreLocation.framework */; };
		1867F8411C761B63000B7793 /* MapKit.framework in Frameworks */ = {isa = PBXBuildFile; fileRef = 1867F8401C761B63000B7793 /* MapKit.framework */; };
		2F5AFECA1C7349D700ADF8FC /* main.m in Sources */ = {isa = PBXBuildFile; fileRef = 2F5AFEC91C7349D700ADF8FC /* main.m */; };
		2F5AFECD1C7349D700ADF8FC /* AppDelegate.m in Sources */ = {isa = PBXBuildFile; fileRef = 2F5AFECC1C7349D700ADF8FC /* AppDelegate.m */; };
		2F5AFED01C7349D700ADF8FC /* ViewController.m in Sources */ = {isa = PBXBuildFile; fileRef = 2F5AFECF1C7349D700ADF8FC /* ViewController.m */; };
		2F5AFED31C7349D700ADF8FC /* Main.storyboard in Resources */ = {isa = PBXBuildFile; fileRef = 2F5AFED11C7349D700ADF8FC /* Main.storyboard */; };
		2F5AFED51C7349D700ADF8FC /* Assets.xcassets in Resources */ = {isa = PBXBuildFile; fileRef = 2F5AFED41C7349D700ADF8FC /* Assets.xcassets */; };
		2F5AFED81C7349D700ADF8FC /* LaunchScreen.storyboard in Resources */ = {isa = PBXBuildFile; fileRef = 2F5AFED61C7349D700ADF8FC /* LaunchScreen.storyboard */; };
		2F5AFEE31C7349D700ADF8FC /* weatherTests.m in Sources */ = {isa = PBXBuildFile; fileRef = 2F5AFEE21C7349D700ADF8FC /* weatherTests.m */; };
		2F5AFEEE1C7349D700ADF8FC /* weatherUITests.m in Sources */ = {isa = PBXBuildFile; fileRef = 2F5AFEED1C7349D700ADF8FC /* weatherUITests.m */; };
		2F5AFEFE1C734A7F00ADF8FC /* libAPIStoreSDK.a in Frameworks */ = {isa = PBXBuildFile; fileRef = 2F5AFEFD1C734A7F00ADF8FC /* libAPIStoreSDK.a */; };
/* End PBXBuildFile section */

/* Begin PBXContainerItemProxy section */
		2F5AFEDF1C7349D700ADF8FC /* PBXContainerItemProxy */ = {
			isa = PBXContainerItemProxy;
			containerPortal = 2F5AFEBD1C7349D700ADF8FC /* Project object */;
			proxyType = 1;
			remoteGlobalIDString = 2F5AFEC41C7349D700ADF8FC;
			remoteInfo = weather;
		};
		2F5AFEEA1C7349D700ADF8FC /* PBXContainerItemProxy */ = {
			isa = PBXContainerItemProxy;
			containerPortal = 2F5AFEBD1C7349D700ADF8FC /* Project object */;
			proxyType = 1;
			remoteGlobalIDString = 2F5AFEC41C7349D700ADF8FC;
			remoteInfo = weather;
		};
/* End PBXContainerItemProxy section */

/* Begin PBXFileReference section */
		1867F83E1C761B50000B7793 /* CoreLocation.framework */ = {isa = PBXFileReference; lastKnownFileType = wrapper.framework; name = CoreLocation.framework; path = System/Library/Frameworks/CoreLocation.framework; sourceTree = SDKROOT; };
		1867F8401C761B63000B7793 /* MapKit.framework */ = {isa = PBXFileReference; lastKnownFileType = wrapper.framework; name = MapKit.framework; path = System/Library/Frameworks/MapKit.framework; sourceTree = SDKROOT; };
		2F5AFEC51C7349D700ADF8FC /* weather.app */ = {isa = PBXFileReference; explicitFileType = wrapper.application; includeInIndex = 0; path = weather.app; sourceTree = BUILT_PRODUCTS_DIR; };
		2F5AFEC91C7349D700ADF8FC /* main.m */ = {isa = PBXFileReference; lastKnownFileType = sourcecode.c.objc; path = main.m; sourceTree = "<group>"; };
		2F5AFECB1C7349D700ADF8FC /* AppDelegate.h */ = {isa = PBXFileReference; lastKnownFileType = sourcecode.c.h; path = AppDelegate.h; sourceTree = "<group>"; };
		2F5AFECC1C7349D700ADF8FC /* AppDelegate.m */ = {isa = PBXFileReference; lastKnownFileType = sourcecode.c.objc; path = AppDelegate.m; sourceTree = "<group>"; };
		2F5AFECE1C7349D700ADF8FC /* ViewController.h */ = {isa = PBXFileReference; lastKnownFileType = sourcecode.c.h; path = ViewController.h; sourceTree = "<group>"; };
		2F5AFECF1C7349D700ADF8FC /* ViewController.m */ = {isa = PBXFileReference; lastKnownFileType = sourcecode.c.objc; path = ViewController.m; sourceTree = "<group>"; };
		2F5AFED21C7349D700ADF8FC /* Base */ = {isa = PBXFileReference; lastKnownFileType = file.storyboard; name = Base; path = Base.lproj/Main.storyboard; sourceTree = "<group>"; };
		2F5AFED41C7349D700ADF8FC /* Assets.xcassets */ = {isa = PBXFileReference; lastKnownFileType = folder.assetcatalog; path = Assets.xcassets; sourceTree = "<group>"; };
		2F5AFED71C7349D700ADF8FC /* Base */ = {isa = PBXFileReference; lastKnownFileType = file.storyboard; name = Base; path = Base.lproj/LaunchScreen.storyboard; sourceTree = "<group>"; };
		2F5AFED91C7349D700ADF8FC /* Info.plist */ = {isa = PBXFileReference; lastKnownFileType = text.plist.xml; path = Info.plist; sourceTree = "<group>"; };
		2F5AFEDE1C7349D700ADF8FC /* weatherTests.xctest */ = {isa = PBXFileReference; explicitFileType = wrapper.cfbundle; includeInIndex = 0; path = weatherTests.xctest; sourceTree = BUILT_PRODUCTS_DIR; };
		2F5AFEE21C7349D700ADF8FC /* weatherTests.m */ = {isa = PBXFileReference; lastKnownFileType = sourcecode.c.objc; path = weatherTests.m; sourceTree = "<group>"; };
		2F5AFEE41C7349D700ADF8FC /* Info.plist */ = {isa = PBXFileReference; lastKnownFileType = text.plist.xml; path = Info.plist; sourceTree = "<group>"; };
		2F5AFEE91C7349D700ADF8FC /* weatherUITests.xctest */ = {isa = PBXFileReference; explicitFileType = wrapper.cfbundle; includeInIndex = 0; path = weatherUITests.xctest; sourceTree = BUILT_PRODUCTS_DIR; };
		2F5AFEED1C7349D700ADF8FC /* weatherUITests.m */ = {isa = PBXFileReference; lastKnownFileType = sourcecode.c.objc; path = weatherUITests.m; sourceTree = "<group>"; };
		2F5AFEEF1C7349D700ADF8FC /* Info.plist */ = {isa = PBXFileReference; lastKnownFileType = text.plist.xml; path = Info.plist; sourceTree = "<group>"; };
		2F5AFEFC1C734A7F00ADF8FC /* APIStoreSDK.h */ = {isa = PBXFileReference; fileEncoding = 4; lastKnownFileType = sourcecode.c.h; path = APIStoreSDK.h; sourceTree = "<group>"; };
		2F5AFEFD1C734A7F00ADF8FC /* libAPIStoreSDK.a */ = {isa = PBXFileReference; lastKnownFileType = archive.ar; path = libAPIStoreSDK.a; sourceTree = "<group>"; };
/* End PBXFileReference section */

/* Begin PBXFrameworksBuildPhase section */
		2F5AFEC21C7349D700ADF8FC /* Frameworks */ = {
			isa = PBXFrameworksBuildPhase;
			buildActionMask = 2147483647;
			files = (
				1867F8411C761B63000B7793 /* MapKit.framework in Frameworks */,
				1867F83F1C761B50000B7793 /* CoreLocation.framework in Frameworks */,
				2F5AFEFE1C734A7F00ADF8FC /* libAPIStoreSDK.a in Frameworks */,
			);
			runOnlyForDeploymentPostprocessing = 0;
		};
		2F5AFEDB1C7349D700ADF8FC /* Frameworks */ = {
			isa = PBXFrameworksBuildPhase;
			buildActionMask = 2147483647;
			files = (
			);
			runOnlyForDeploymentPostprocessing = 0;
		};
		2F5AFEE61C7349D700ADF8FC /* Frameworks */ = {
			isa = PBXFrameworksBuildPhase;
			buildActionMask = 2147483647;
			files = (
			);
			runOnlyForDeploymentPostprocessing = 0;
		};
/* End PBXFrameworksBuildPhase section */

/* Begin PBXGroup section */
		2F5AFEBC1C7349D700ADF8FC = {
			isa = PBXGroup;
			children = (
				1867F8401C761B63000B7793 /* MapKit.framework */,
				1867F83E1C761B50000B7793 /* CoreLocation.framework */,
				2F5AFEFB1C734A7F00ADF8FC /* APIStoreSDK */,
				2F5AFEC71C7349D700ADF8FC /* weather */,
				2F5AFEE11C7349D700ADF8FC /* weatherTests */,
				2F5AFEEC1C7349D700ADF8FC /* weatherUITests */,
				2F5AFEC61C7349D700ADF8FC /* Products */,
			);
			sourceTree = "<group>";
		};
		2F5AFEC61C7349D700ADF8FC /* Products */ = {
			isa = PBXGroup;
			children = (
				2F5AFEC51C7349D700ADF8FC /* weather.app */,
				2F5AFEDE1C7349D700ADF8FC /* weatherTests.xctest */,
				2F5AFEE91C7349D700ADF8FC /* weatherUITests.xctest */,
			);
			name = Products;
			sourceTree = "<group>";
		};
		2F5AFEC71C7349D700ADF8FC /* weather */ = {
			isa = PBXGroup;
			children = (
				2F5AFECB1C7349D700ADF8FC /* AppDelegate.h */,
				2F5AFECC1C7349D700ADF8FC /* AppDelegate.m */,
				2F5AFECE1C7349D700ADF8FC /* ViewController.h */,
				2F5AFECF1C7349D700ADF8FC /* ViewController.m */,
				2F5AFED11C7349D700ADF8FC /* Main.storyboard */,
				2F5AFED41C7349D700ADF8FC /* Assets.xcassets */,
				2F5AFED61C7349D700ADF8FC /* LaunchScreen.storyboard */,
				2F5AFED91C7349D700ADF8FC /* Info.plist */,
				2F5AFEC81C7349D700ADF8FC /* Supporting Files */,
			);
			path = weather;
			sourceTree = "<group>";
		};
		2F5AFEC81C7349D700ADF8FC /* Supporting Files */ = {
			isa = PBXGroup;
			children = (
				2F5AFEC91C7349D700ADF8FC /* main.m */,
			);
			name = "Supporting Files";
			sourceTree = "<group>";
		};
		2F5AFEE11C7349D700ADF8FC /* weatherTests */ = {
			isa = PBXGroup;
			children = (
				2F5AFEE21C7349D700ADF8FC /* weatherTests.m */,
				2F5AFEE41C7349D700ADF8FC /* Info.plist */,
			);
			path = weatherTests;
			sourceTree = "<group>";
		};
		2F5AFEEC1C7349D700ADF8FC /* weatherUITests */ = {
			isa = PBXGroup;
			children = (
				2F5AFEED1C7349D700ADF8FC /* weatherUITests.m */,
				2F5AFEEF1C7349D700ADF8FC /* Info.plist */,
			);
			path = weatherUITests;
			sourceTree = "<group>";
		};
		2F5AFEFB1C734A7F00ADF8FC /* APIStoreSDK */ = {
			isa = PBXGroup;
			children = (
				2F5AFEFC1C734A7F00ADF8FC /* APIStoreSDK.h */,
				2F5AFEFD1C734A7F00ADF8FC /* libAPIStoreSDK.a */,
			);
			path = APIStoreSDK;
			sourceTree = "<group>";
		};
/* End PBXGroup section */

/* Begin PBXNativeTarget section */
		2F5AFEC41C7349D700ADF8FC /* weather */ = {
			isa = PBXNativeTarget;
			buildConfigurationList = 2F5AFEF21C7349D700ADF8FC /* Build configuration list for PBXNativeTarget "weather" */;
			buildPhases = (
				2F5AFEC11C7349D700ADF8FC /* Sources */,
				2F5AFEC21C7349D700ADF8FC /* Frameworks */,
				2F5AFEC31C7349D700ADF8FC /* Resources */,
			);
			buildRules = (
			);
			dependencies = (
			);
			name = weather;
			productName = weather;
			productReference = 2F5AFEC51C7349D700ADF8FC /* weather.app */;
			productType = "com.apple.product-type.application";
		};
		2F5AFEDD1C7349D700ADF8FC /* weatherTests */ = {
			isa = PBXNativeTarget;
			buildConfigurationList = 2F5AFEF51C7349D700ADF8FC /* Build configuration list for PBXNativeTarget "weatherTests" */;
			buildPhases = (
				2F5AFEDA1C7349D700ADF8FC /* Sources */,
				2F5AFEDB1C7349D700ADF8FC /* Frameworks */,
				2F5AFEDC1C7349D700ADF8FC /* Resources */,
			);
			buildRules = (
			);
			dependencies = (
				2F5AFEE01C7349D700ADF8FC /* PBXTargetDependency */,
			);
			name = weatherTests;
			productName = weatherTests;
			productReference = 2F5AFEDE1C7349D700ADF8FC /* weatherTests.xctest */;
			productType = "com.apple.product-type.bundle.unit-test";
		};
		2F5AFEE81C7349D700ADF8FC /* weatherUITests */ = {
			isa = PBXNativeTarget;
			buildConfigurationList = 2F5AFEF81C7349D700ADF8FC /* Build configuration list for PBXNativeTarget "weatherUITests" */;
			buildPhases = (
				2F5AFEE51C7349D700ADF8FC /* Sources */,
				2F5AFEE61C7349D700ADF8FC /* Frameworks */,
				2F5AFEE71C7349D700ADF8FC /* Resources */,
			);
			buildRules = (
			);
			dependencies = (
				2F5AFEEB1C7349D700ADF8FC /* PBXTargetDependency */,
			);
			name = weatherUITests;
			productName = weatherUITests;
			productReference = 2F5AFEE91C7349D700ADF8FC /* weatherUITests.xctest */;
			productType = "com.apple.product-type.bundle.ui-testing";
		};
/* End PBXNativeTarget section */

/* Begin PBXProject section */
		2F5AFEBD1C7349D700ADF8FC /* Project object */ = {
			isa = PBXProject;
			attributes = {
				LastUpgradeCheck = 0720;
				ORGANIZATIONNAME = "杨";
				TargetAttributes = {
					2F5AFEC41C7349D700ADF8FC = {
						CreatedOnToolsVersion = 7.2.1;
						DevelopmentTeam = 2AS3QQH594;
					};
					2F5AFEDD1C7349D700ADF8FC = {
						CreatedOnToolsVersion = 7.2.1;
						DevelopmentTeam = 2AS3QQH594;
						TestTargetID = 2F5AFEC41C7349D700ADF8FC;
					};
					2F5AFEE81C7349D700ADF8FC = {
						CreatedOnToolsVersion = 7.2.1;
						DevelopmentTeam = 2AS3QQH594;
						TestTargetID = 2F5AFEC41C7349D700ADF8FC;
					};
				};
			};
			buildConfigurationList = 2F5AFEC01C7349D700ADF8FC /* Build configuration list for PBXProject "weather" */;
			compatibilityVersion = "Xcode 3.2";
			developmentRegion = English;
			hasScannedForEncodings = 0;
			knownRegions = (
				en,
				Base,
			);
			mainGroup = 2F5AFEBC1C7349D700ADF8FC;
			productRefGroup = 2F5AFEC61C7349D700ADF8FC /* Products */;
			projectDirPath = "";
			projectRoot = "";
			targets = (
				2F5AFEC41C7349D700ADF8FC /* weather */,
				2F5AFEDD1C7349D700ADF8FC /* weatherTests */,
				2F5AFEE81C7349D700ADF8FC /* weatherUITests */,
			);
		};
/* End PBXProject section */

/* Begin PBXResourcesBuildPhase section */
		2F5AFEC31C7349D700ADF8FC /* Resources */ = {
			isa = PBXResourcesBuildPhase;
			buildActionMask = 2147483647;
			files = (
				2F5AFED81C7349D700ADF8FC /* LaunchScreen.storyboard in Resources */,
				2F5AFED51C7349D700ADF8FC /* Assets.xcassets in Resources */,
				2F5AFED31C7349D700ADF8FC /* Main.storyboard in Resources */,
			);
			runOnlyForDeploymentPostprocessing = 0;
		};
		2F5AFEDC1C7349D700ADF8FC /* Resources */ = {
			isa = PBXResourcesBuildPhase;
			buildActionMask = 2147483647;
			files = (
			);
			runOnlyForDeploymentPostprocessing = 0;
		};
		2F5AFEE71C7349D700ADF8FC /* Resources */ = {
			isa = PBXResourcesBuildPhase;
			buildActionMask = 2147483647;
			files = (
			);
			runOnlyForDeploymentPostprocessing = 0;
		};
/* End PBXResourcesBuildPhase section */

/* Begin PBXSourcesBuildPhase section */
		2F5AFEC11C7349D700ADF8FC /* Sources */ = {
			isa = PBXSourcesBuildPhase;
			buildActionMask = 2147483647;
			files = (
				2F5AFED01C7349D700ADF8FC /* ViewController.m in Sources */,
				2F5AFECD1C7349D700ADF8FC /* AppDelegate.m in Sources */,
				2F5AFECA1C7349D700ADF8FC /* main.m in Sources */,
			);
			runOnlyForDeploymentPostprocessing = 0;
		};
		2F5AFEDA1C7349D700ADF8FC /* Sources */ = {
			isa = PBXSourcesBuildPhase;
			buildActionMask = 2147483647;
			files = (
				2F5AFEE31C7349D700ADF8FC /* weatherTests.m in Sources */,
			);
			runOnlyForDeploymentPostprocessing = 0;
		};
		2F5AFEE51C7349D700ADF8FC /* Sources */ = {
			isa = PBXSourcesBuildPhase;
			buildActionMask = 2147483647;
			files = (
				2F5AFEEE1C7349D700ADF8FC /* weatherUITests.m in Sources */,
			);
			runOnlyForDeploymentPostprocessing = 0;
		};
/* End PBXSourcesBuildPhase section */

/* Begin PBXTargetDependency section */
		2F5AFEE01C7349D700ADF8FC /* PBXTargetDependency */ = {
			isa = PBXTargetDependency;
			target = 2F5AFEC41C7349D700ADF8FC /* weather */;
			targetProxy = 2F5AFEDF1C7349D700ADF8FC /* PBXContainerItemProxy */;
		};
		2F5AFEEB1C7349D700ADF8FC /* PBXTargetDependency */ = {
			isa = PBXTargetDependency;
			target = 2F5AFEC41C7349D700ADF8FC /* weather */;
			targetProxy = 2F5AFEEA1C7349D700ADF8FC /* PBXContainerItemProxy */;
		};
/* End PBXTargetDependency section */

/* Begin PBXVariantGroup section */
		2F5AFED11C7349D700ADF8FC /* Main.storyboard */ = {
			isa = PBXVariantGroup;
			children = (
				2F5AFED21C7349D700ADF8FC /* Base */,
			);
			name = Main.storyboard;
			sourceTree = "<group>";
		};
		2F5AFED61C7349D700ADF8FC /* LaunchScreen.storyboard */ = {
			isa = PBXVariantGroup;
			children = (
				2F5AFED71C7349D700ADF8FC /* Base */,
			);
			name = LaunchScreen.storyboard;
			sourceTree = "<group>";
		};
/* End PBXVariantGroup section */

/* Begin XCBuildConfiguration section */
		2F5AFEF01C7349D700ADF8FC /* Debug */ = {
			isa = XCBuildConfiguration;
			buildSettings = {
				ALWAYS_SEARCH_USER_PATHS = NO;
				CLANG_CXX_LANGUAGE_STANDARD = "gnu++0x";
				CLANG_CXX_LIBRARY = "libc++";
				CLANG_ENABLE_MODULES = YES;
				CLANG_ENABLE_OBJC_ARC = YES;
				CLANG_WARN_BOOL_CONVERSION = YES;
				CLANG_WARN_CONSTANT_CONVERSION = YES;
				CLANG_WARN_DIRECT_OBJC_ISA_USAGE = YES_ERROR;
				CLANG_WARN_EMPTY_BODY = YES;
				CLANG_WARN_ENUM_CONVERSION = YES;
				CLANG_WARN_INT_CONVERSION = YES;
				CLANG_WARN_OBJC_ROOT_CLASS = YES_ERROR;
				CLANG_WARN_UNREACHABLE_CODE = YES;
				CLANG_WARN__DUPLICATE_METHOD_MATCH = YES;
				"CODE_SIGN_IDENTITY[sdk=iphoneos*]" = "iPhone Developer";
				COPY_PHASE_STRIP = NO;
				DEBUG_INFORMATION_FORMAT = dwarf;
				ENABLE_STRICT_OBJC_MSGSEND = YES;
				ENABLE_TESTABILITY = YES;
				GCC_C_LANGUAGE_STANDARD = gnu99;
				GCC_DYNAMIC_NO_PIC = NO;
				GCC_NO_COMMON_BLOCKS = YES;
				GCC_OPTIMIZATION_LEVEL = 0;
				GCC_PREPROCESSOR_DEFINITIONS = (
					"DEBUG=1",
					"$(inherited)",
				);
				GCC_WARN_64_TO_32_BIT_CONVERSION = YES;
				GCC_WARN_ABOUT_RETURN_TYPE = YES_ERROR;
				GCC_WARN_UNDECLARED_SELECTOR = YES;
				GCC_WARN_UNINITIALIZED_AUTOS = YES_AGGRESSIVE;
				GCC_WARN_UNUSED_FUNCTION = YES;
				GCC_WARN_UNUSED_VARIABLE = YES;
				IPHONEOS_DEPLOYMENT_TARGET = 9.2;
				MTL_ENABLE_DEBUG_INFO = YES;
				ONLY_ACTIVE_ARCH = YES;
				SDKROOT = iphoneos;
				TARGETED_DEVICE_FAMILY = "1,2";
			};
			name = Debug;
		};
		2F5AFEF11C7349D700ADF8FC /* Release */ = {
			isa = XCBuildConfiguration;
			buildSettings = {
				ALWAYS_SEARCH_USER_PATHS = NO;
				CLANG_CXX_LANGUAGE_STANDARD = "gnu++0x";
				CLANG_CXX_LIBRARY = "libc++";
				CLANG_ENABLE_MODULES = YES;
				CLANG_ENABLE_OBJC_ARC = YES;
				CLANG_WARN_BOOL_CONVERSION = YES;
				CLANG_WARN_CONSTANT_CONVERSION = YES;
				CLANG_WARN_DIRECT_OBJC_ISA_USAGE = YES_ERROR;
				CLANG_WARN_EMPTY_BODY = YES;
				CLANG_WARN_ENUM_CONVERSION = YES;
				CLANG_WARN_INT_CONVERSION = YES;
				CLANG_WARN_OBJC_ROOT_CLASS = YES_ERROR;
				CLANG_WARN_UNREACHABLE_CODE = YES;
				CLANG_WARN__DUPLICATE_METHOD_MATCH = YES;
				"CODE_SIGN_IDENTITY[sdk=iphoneos*]" = "iPhone Developer";
				COPY_PHASE_STRIP = NO;
				DEBUG_INFORMATION_FORMAT = "dwarf-with-dsym";
				ENABLE_NS_ASSERTIONS = NO;
				ENABLE_STRICT_OBJC_MSGSEND = YES;
				GCC_C_LANGUAGE_STANDARD = gnu99;
				GCC_NO_COMMON_BLOCKS = YES;
				GCC_WARN_64_TO_32_BIT_CONVERSION = YES;
				GCC_WARN_ABOUT_RETURN_TYPE = YES_ERROR;
				GCC_WARN_UNDECLARED_SELECTOR = YES;
				GCC_WARN_UNINITIALIZED_AUTOS = YES_AGGRESSIVE;
				GCC_WARN_UNUSED_FUNCTION = YES;
				GCC_WARN_UNUSED_VARIABLE = YES;
				IPHONEOS_DEPLOYMENT_TARGET = 9.2;
				MTL_ENABLE_DEBUG_INFO = NO;
				SDKROOT = iphoneos;
				TARGETED_DEVICE_FAMILY = "1,2";
				VALIDATE_PRODUCT = YES;
			};
			name = Release;
		};
		2F5AFEF31C7349D700ADF8FC /* Debug */ = {
			isa = XCBuildConfiguration;
			buildSettings = {
				ASSETCATALOG_COMPILER_APPICON_NAME = AppIcon;
				CLANG_ENABLE_OBJC_ARC = YES;
				INFOPLIST_FILE = weather/Info.plist;
				LD_RUNPATH_SEARCH_PATHS = "$(inherited) @executable_path/Frameworks";
				LIBRARY_SEARCH_PATHS = (
					"$(inherited)",
					"$(PROJECT_DIR)/APIStoreSDK",
				);
				PRODUCT_BUNDLE_IDENTIFIER = Lotuseed.weather;
				PRODUCT_NAME = "$(TARGET_NAME)";
			};
			name = Debug;
		};
		2F5AFEF41C7349D700ADF8FC /* Release */ = {
			isa = XCBuildConfiguration;
			buildSettings = {
				ASSETCATALOG_COMPILER_APPICON_NAME = AppIcon;
				CLANG_ENABLE_OBJC_ARC = YES;
				INFOPLIST_FILE = weather/Info.plist;
				LD_RUNPATH_SEARCH_PATHS = "$(inherited) @executable_path/Frameworks";
				LIBRARY_SEARCH_PATHS = (
					"$(inherited)",
					"$(PROJECT_DIR)/APIStoreSDK",
				);
				PRODUCT_BUNDLE_IDENTIFIER = Lotuseed.weather;
				PRODUCT_NAME = "$(TARGET_NAME)";
			};
			name = Release;
		};
		2F5AFEF61C7349D700ADF8FC /* Debug */ = {
			isa = XCBuildConfiguration;
			buildSettings = {
				BUNDLE_LOADER = "$(TEST_HOST)";
				INFOPLIST_FILE = weatherTests/Info.plist;
				LD_RUNPATH_SEARCH_PATHS = "$(inherited) @executable_path/Frameworks @loader_path/Frameworks";
				PRODUCT_BUNDLE_IDENTIFIER = Lotuseed.weatherTests;
				PRODUCT_NAME = "$(TARGET_NAME)";
				TEST_HOST = "$(BUILT_PRODUCTS_DIR)/weather.app/weather";
			};
			name = Debug;
		};
		2F5AFEF71C7349D700ADF8FC /* Release */ = {
			isa = XCBuildConfiguration;
			buildSettings = {
				BUNDLE_LOADER = "$(TEST_HOST)";
				INFOPLIST_FILE = weatherTests/Info.plist;
				LD_RUNPATH_SEARCH_PATHS = "$(inherited) @executable_path/Frameworks @loader_path/Frameworks";
				PRODUCT_BUNDLE_IDENTIFIER = Lotuseed.weatherTests;
				PRODUCT_NAME = "$(TARGET_NAME)";
				TEST_HOST = "$(BUILT_PRODUCTS_DIR)/weather.app/weather";
			};
			name = Release;
		};
		2F5AFEF91C7349D700ADF8FC /* Debug */ = {
			isa = XCBuildConfiguration;
			buildSettings = {
				INFOPLIST_FILE = weatherUITests/Info.plist;
				LD_RUNPATH_SEARCH_PATHS = "$(inherited) @executable_path/Frameworks @loader_path/Frameworks";
				PRODUCT_BUNDLE_IDENTIFIER = Lotuseed.weatherUITests;
				PRODUCT_NAME = "$(TARGET_NAME)";
				TEST_TARGET_NAME = weather;
				USES_XCTRUNNER = YES;
			};
			name = Debug;
		};
		2F5AFEFA1C7349D700ADF8FC /* Release */ = {
			isa = XCBuildConfiguration;
			buildSettings = {
				INFOPLIST_FILE = weatherUITests/Info.plist;
				LD_RUNPATH_SEARCH_PATHS = "$(inherited) @executable_path/Frameworks @loader_path/Frameworks";
				PRODUCT_BUNDLE_IDENTIFIER = Lotuseed.weatherUITests;
				PRODUCT_NAME = "$(TARGET_NAME)";
				TEST_TARGET_NAME = weather;
				USES_XCTRUNNER = YES;
			};
			name = Release;
		};
/* End XCBuildConfiguration section */

/* Begin XCConfigurationList section */
		2F5AFEC01C7349D700ADF8FC /* Build configuration list for PBXProject "weather" */ = {
			isa = XCConfigurationList;
			buildConfigurations = (
				2F5AFEF01C7349D700ADF8FC /* Debug */,
				2F5AFEF11C7349D700ADF8FC /* Release */,
			);
			defaultConfigurationIsVisible = 0;
			defaultConfigurationName = Release;
		};
		2F5AFEF21C7349D700ADF8FC /* Build configuration list for PBXNativeTarget "weather" */ = {
			isa = XCConfigurationList;
			buildConfigurations = (
				2F5AFEF31C7349D700ADF8FC /* Debug */,
				2F5AFEF41C7349D700ADF8FC /* Release */,
			);
			defaultConfigurationIsVisible = 0;
			defaultConfigurationName = Release;
		};
		2F5AFEF51C7349D700ADF8FC /* Build configuration list for PBXNativeTarget "weatherTests" */ = {
			isa = XCConfigurationList;
			buildConfigurations = (
				2F5AFEF61C7349D700ADF8FC /* Debug */,
				2F5AFEF71C7349D700ADF8FC /* Release */,
			);
			defaultConfigurationIsVisible = 0;
			defaultConfigurationName = Release;
		};
		2F5AFEF81C7349D700ADF8FC /* Build configuration list for PBXNativeTarget "weatherUITests" */ = {
			isa = XCConfigurationList;
			buildConfigurations = (
				2F5AFEF91C7349D700ADF8FC /* Debug */,
				2F5AFEFA1C7349D700ADF8FC /* Release */,
			);
			defaultConfigurationIsVisible = 0;
			defaultConfigurationName = Release;
		};
/* End XCConfigurationList section */
	};
	rootObject = 2F5AFEBD1C7349D700ADF8FC /* Project object */;
}
